
Microsoft Visual Studio Solution File, Format Version 12.00
# Visual Studio Version 16
VisualStudioVersion = 16.0.31205.134
MinimumVisualStudioVersion = 10.0.40219.1
Project("{9A19103F-16F7-4668-BE54-9A1E7A4F7556}") = "shopbridge.api", "shopbridge.api\shopbridge.api.csproj", "{AE290DB0-C360-46A4-A214-808244E7D661}"
EndProject
Global
	GlobalSection(SolutionConfigurationPlatforms) = preSolution
		Debug|Any CPU = Debug|Any CPU
		Release|Any CPU = Release|Any CPU
	EndGlobalSection
	GlobalSection(ProjectConfigurationPlatforms) = postSolution
		{AE290DB0-C360-46A4-A214-808244E7D661}.Debug|Any CPU.ActiveCfg = Debug|Any CPU
		{AE290DB0-C360-46A4-A214-808244E7D661}.Debug|Any CPU.Build.0 = Debug|Any CPU
		{AE290DB0-C360-46A4-A214-808244E7D661}.Release|Any CPU.ActiveCfg = Release|Any CPU
		{AE290DB0-C360-46A4-A214-808244E7D661}.Release|Any CPU.Build.0 = Release|Any CPU
	EndGlobalSection
	GlobalSection(SolutionProperties) = preSolution
		HideSolutionNode = FALSE
	EndGlobalSection
	GlobalSection(ExtensibilityGlobals) = postSolution
		SolutionGuid = {AAF8348D-0756-452B-93D7-30862F1E47B7}
	EndGlobalSection
EndGlobal
